version = 1
revision = 3
requires-python = ">=3.14"

[[package]]
name = "art"
version = "6.5"
source = { registry = "https://pypi.org/simple" }
sdist = { url = "https://files.pythonhosted.org/packages/d4/7d/7d80509bbd19fb747edef94ba487dbadd2747944774ccc0528ad0d005a36/art-6.5.tar.gz", hash = "sha256:a98d77b42c278697ec6cf4b5bdcdfd997f6b2425332da078d4e31e31377d1844", size = 672902, upload-time = "2025-04-12T17:02:20.279Z" }
wheels = [
    { url = "https://files.pythonhosted.org/packages/67/29/57b06fdb3abdf52c621d3ca3caea735e2db4c8d48288ebd26af448e8e247/art-6.5-py3-none-any.whl", hash = "sha256:70706408144c45c666caab690627d5c74aea7b6c7ce8cc968408ddeef8d84afd", size = 610382, upload-time = "2025-04-12T17:02:21.97Z" },
]

[[package]]
name = "nava"
version = "0.8"
source = { registry = "https://pypi.org/simple" }
dependencies = [
    { name = "art" },
]
sdist = { url = "https://files.pythonhosted.org/packages/86/7a/b85a58a5c52e1482b7cb303259c7c6a539140672f9de75935a8845b570bd/nava-0.8.tar.gz", hash = "sha256:71f49dd618016fdc00b21e0ba7f7a105a3b2a1ef49cbd26b61dbf2b9cb370bf8", size = 13722, upload-time = "2025-12-17T03:05:44.086Z" }
wheels = [
    { url = "https://files.pythonhosted.org/packages/20/9d/dee00b151d42e95c4ff6fcacbb536b12d1ea0d30a1314d9bfa2f26ff0e02/nava-0.8-py3-none-any.whl", hash = "sha256:eef51b10d90fef40378018615f265fed90d7b9ea3a6e5bfefec00005f421d3e2", size = 11670, upload-time = "2025-12-17T03:05:45.174Z" },
]

[[package]]
name = "pomo25"
version = "0.1.0"
source = { editable = "." }
dependencies = [
    { name = "nava" },
    { name = "python-dotenv" },
]

[package.metadata]
requires-dist = [
    { name = "nava" },
    { name = "python-dotenv" },
]

[[package]]
name = "python-dotenv"
version = "1.2.2"
source = { registry = "https://pypi.org/simple" }
sdist = { url = "https://files.pythonhosted.org/packages/82/ed/0301aeeac3e5353ef3d94b6ec08bbcabd04a72018415dcb29e588514bba8/python_dotenv-1.2.2.tar.gz", hash = "sha256:2c371a91fbd7ba082c2c1dc1f8bf89ca22564a087c2c287cd9b662adde799cf3", size = 50135, upload-time = "2026-03-01T16:00:26.196Z" }
wheels = [
    { url = "https://files.pythonhosted.org/packages/0b/d7/1959b9648791274998a9c3526f6d0ec8fd2233e4d4acce81bbae76b44b2a/python_dotenv-1.2.2-py3-none-any.whl", hash = "sha256:1d8214789a24de455a8b8bd8ae6fe3c6b69a5e3d64aa8a8e5d68e694bbcb285a", size = 22101, upload-time = "2026-03-01T16:00:25.09Z" },
]
